
Microsoft Visual Studio Solution File, Format Version 12.00
# Visual Studio Version 16
VisualStudioVersion = 16.0.30406.217
MinimumVisualStudioVersion = 10.0.40219.1
Project("{8BC9CEB8-8B4A-11D0-8D11-00A0C91BC942}") = "Roman Numerals", "Roman Numerals\Roman Numerals.vcxproj", "{3194E2A3-A2AF-4890-80D8-B5D2EAA7BEA1}"
EndProject
Project("{8BC9CEB8-8B4A-11D0-8D11-00A0C91BC942}") = "Two Sum", "Two Sum\Two Sum.vcxproj", "{B9E891EA-67B0-4B13-8BAB-AEEC923AEB4C}"
EndProject
Project("{8BC9CEB8-8B4A-11D0-8D11-00A0C91BC942}") = "Longest Common Prefix", "Longest Common Prefix\Longest Common Prefix.vcxproj", "{0763FF96-DD24-4285-9E16-632F4046D498}"
EndProject
Project("{8BC9CEB8-8B4A-11D0-8D11-00A0C91BC942}") = "Valid Parentheses", "Valid Parentheses\Valid Parentheses.vcxproj", "{C0DB5DA7-39C4-4033-B62D-36C045996E2E}"
EndProject
Project("{8BC9CEB8-8B4A-11D0-8D11-00A0C91BC942}") = "MergeTwoSortedLists", "MergeTwoSortedLists\MergeTwoSortedLists.vcxproj", "{33290F5A-4C06-46DA-9FDD-4091475F4271}"
EndProject
Global
	GlobalSection(SolutionConfigurationPlatforms) = preSolution
		Debug|x64 = Debug|x64
		Debug|x86 = Debug|x86
		Release|x64 = Release|x64
		Release|x86 = Release|x86
	EndGlobalSection
	GlobalSection(ProjectConfigurationPlatforms) = postSolution
		{3194E2A3-A2AF-4890-80D8-B5D2EAA7BEA1}.Debug|x64.ActiveCfg = Debug|x64
		{3194E2A3-A2AF-4890-80D8-B5D2EAA7BEA1}.Debug|x64.Build.0 = Debug|x64
		{3194E2A3-A2AF-4890-80D8-B5D2EAA7BEA1}.Debug|x86.ActiveCfg = Debug|Win32
		{3194E2A3-A2AF-4890-80D8-B5D2EAA7BEA1}.Debug|x86.Build.0 = Debug|Win32
		{3194E2A3-A2AF-4890-80D8-B5D2EAA7BEA1}.Release|x64.ActiveCfg = Release|x64
		{3194E2A3-A2AF-4890-80D8-B5D2EAA7BEA1}.Release|x64.Build.0 = Release|x64
		{3194E2A3-A2AF-4890-80D8-B5D2EAA7BEA1}.Release|x86.ActiveCfg = Release|Win32
		{3194E2A3-A2AF-4890-80D8-B5D2EAA7BEA1}.Release|x86.Build.0 = Release|Win32
		{B9E891EA-67B0-4B13-8BAB-AEEC923AEB4C}.Debug|x64.ActiveCfg = Debug|x64
		{B9E891EA-67B0-4B13-8BAB-AEEC923AEB4C}.Debug|x64.Build.0 = Debug|x64
		{B9E891EA-67B0-4B13-8BAB-AEEC923AEB4C}.Debug|x86.ActiveCfg = Debug|Win32
		{B9E891EA-67B0-4B13-8BAB-AEEC923AEB4C}.Debug|x86.Build.0 = Debug|Win32
		{B9E891EA-67B0-4B13-8BAB-AEEC923AEB4C}.Release|x64.ActiveCfg = Release|x64
		{B9E891EA-67B0-4B13-8BAB-AEEC923AEB4C}.Release|x64.Build.0 = Release|x64
		{B9E891EA-67B0-4B13-8BAB-AEEC923AEB4C}.Release|x86.ActiveCfg = Release|Win32
		{B9E891EA-67B0-4B13-8BAB-AEEC923AEB4C}.Release|x86.Build.0 = Release|Win32
		{0763FF96-DD24-4285-9E16-632F4046D498}.Debug|x64.ActiveCfg = Debug|x64
		{0763FF96-DD24-4285-9E16-632F4046D498}.Debug|x64.Build.0 = Debug|x64
		{0763FF96-DD24-4285-9E16-632F4046D498}.Debug|x86.ActiveCfg = Debug|Win32
		{0763FF96-DD24-4285-9E16-632F4046D498}.Debug|x86.Build.0 = Debug|Win32
		{0763FF96-DD24-4285-9E16-632F4046D498}.Release|x64.ActiveCfg = Release|x64
		{0763FF96-DD24-4285-9E16-632F4046D498}.Release|x64.Build.0 = Release|x64
		{0763FF96-DD24-4285-9E16-632F4046D498}.Release|x86.ActiveCfg = Release|Win32
		{0763FF96-DD24-4285-9E16-632F4046D498}.Release|x86.Build.0 = Release|Win32
		{C0DB5DA7-39C4-4033-B62D-36C045996E2E}.Debug|x64.ActiveCfg = Debug|x64
		{C0DB5DA7-39C4-4033-B62D-36C045996E2E}.Debug|x64.Build.0 = Debug|x64
		{C0DB5DA7-39C4-4033-B62D-36C045996E2E}.Debug|x86.ActiveCfg = Debug|Win32
		{C0DB5DA7-39C4-4033-B62D-36C045996E2E}.Debug|x86.Build.0 = Debug|Win32
		{C0DB5DA7-39C4-4033-B62D-36C045996E2E}.Release|x64.ActiveCfg = Release|x64
		{C0DB5DA7-39C4-4033-B62D-36C045996E2E}.Release|x64.Build.0 = Release|x64
		{C0DB5DA7-39C4-4033-B62D-36C045996E2E}.Release|x86.ActiveCfg = Release|Win32
		{C0DB5DA7-39C4-4033-B62D-36C045996E2E}.Release|x86.Build.0 = Release|Win32
		{33290F5A-4C06-46DA-9FDD-4091475F4271}.Debug|x64.ActiveCfg = Debug|x64
		{33290F5A-4C06-46DA-9FDD-4091475F4271}.Debug|x64.Build.0 = Debug|x64
		{33290F5A-4C06-46DA-9FDD-4091475F4271}.Debug|x86.ActiveCfg = Debug|Win32
		{33290F5A-4C06-46DA-9FDD-4091475F4271}.Debug|x86.Build.0 = Debug|Win32
		{33290F5A-4C06-46DA-9FDD-4091475F4271}.Release|x64.ActiveCfg = Release|x64
		{33290F5A-4C06-46DA-9FDD-4091475F4271}.Release|x64.Build.0 = Release|x64
		{33290F5A-4C06-46DA-9FDD-4091475F4271}.Release|x86.ActiveCfg = Release|Win32
		{33290F5A-4C06-46DA-9FDD-4091475F4271}.Release|x86.Build.0 = Release|Win32
	EndGlobalSection
	GlobalSection(SolutionProperties) = preSolution
		HideSolutionNode = FALSE
	EndGlobalSection
	GlobalSection(ExtensibilityGlobals) = postSolution
		SolutionGuid = {11FA81DC-589D-4D2F-9256-876174BB1B1B}
	EndGlobalSection
EndGlobal
